
Microsoft Visual Studio Solution File, Format Version 12.00
# Visual Studio Version 17
VisualStudioVersion = 17.7.34221.43
MinimumVisualStudioVersion = 10.0.40219.1
Project("{888888A0-9F3D-457C-B088-3A5042F75D52}") = "Задание 3.2", "Задание 3.2\Задание 3.2.pyproj", "{22BA4138-7734-4475-9CC8-2F06C9EC2536}"
EndProject
Global
	GlobalSection(SolutionConfigurationPlatforms) = preSolution
		Debug|Any CPU = Debug|Any CPU
		Release|Any CPU = Release|Any CPU
	EndGlobalSection
	GlobalSection(ProjectConfigurationPlatforms) = postSolution
		{22BA4138-7734-4475-9CC8-2F06C9EC2536}.Debug|Any CPU.ActiveCfg = Debug|Any CPU
		{22BA4138-7734-4475-9CC8-2F06C9EC2536}.Release|Any CPU.ActiveCfg = Release|Any CPU
	EndGlobalSection
	GlobalSection(SolutionProperties) = preSolution
		HideSolutionNode = FALSE
	EndGlobalSection
	GlobalSection(ExtensibilityGlobals) = postSolution
		SolutionGuid = {E6DA2315-C838-4ABF-A2EC-B49F6C873550}
	EndGlobalSection
EndGlobal
